// !$*UTF8*$!
{
	archiveVersion = 1;
	classes = {
	};
	objectVersion = 55;
	objects = {

/* Begin PBXBuildFile section */
		9A3EA65BB44835344262DF13 /* Pods_MyFirstProjectPattern.framework in Frameworks */ = {isa = PBXBuildFile; fileRef = 0A31FD375C523BC56E29D0F7 /* Pods_MyFirstProjectPattern.framework */; };
		E55944B82A90F73A00F49C24 /* AppDelegate.swift in Sources */ = {isa = PBXBuildFile; fileRef = E55944B72A90F73A00F49C24 /* AppDelegate.swift */; };
		E55944BA2A90F73A00F49C24 /* SceneDelegate.swift in Sources */ = {isa = PBXBuildFile; fileRef = E55944B92A90F73A00F49C24 /* SceneDelegate.swift */; };
		E55944BC2A90F73A00F49C24 /* ViewController.swift in Sources */ = {isa = PBXBuildFile; fileRef = E55944BB2A90F73A00F49C24 /* ViewController.swift */; };
		E55944BF2A90F73A00F49C24 /* Main.storyboard in Resources */ = {isa = PBXBuildFile; fileRef = E55944BD2A90F73A00F49C24 /* Main.storyboard */; };
		E55944C12A90F73B00F49C24 /* Assets.xcassets in Resources */ = {isa = PBXBuildFile; fileRef = E55944C02A90F73B00F49C24 /* Assets.xcassets */; };
		E55944C42A90F73B00F49C24 /* LaunchScreen.storyboard in Resources */ = {isa = PBXBuildFile; fileRef = E55944C22A90F73B00F49C24 /* LaunchScreen.storyboard */; };
/* End PBXBuildFile section */

/* Begin PBXFileReference section */
		0A31FD375C523BC56E29D0F7 /* Pods_MyFirstProjectPattern.framework */ = {isa = PBXFileReference; explicitFileType = wrapper.framework; includeInIndex = 0; path = Pods_MyFirstProjectPattern.framework; sourceTree = BUILT_PRODUCTS_DIR; };
		6D0C96F0EF86DFCAF39ECFB3 /* Pods-MyFirstProjectPattern.release.xcconfig */ = {isa = PBXFileReference; includeInIndex = 1; lastKnownFileType = text.xcconfig; name = "Pods-MyFirstProjectPattern.release.xcconfig"; path = "Target Support Files/Pods-MyFirstProjectPattern/Pods-MyFirstProjectPattern.release.xcconfig"; sourceTree = "<group>"; };
		B09AA6D0346A364505F73039 /* Pods-MyFirstProjectPattern.debug.xcconfig */ = {isa = PBXFileReference; includeInIndex = 1; lastKnownFileType = text.xcconfig; name = "Pods-MyFirstProjectPattern.debug.xcconfig"; path = "Target Support Files/Pods-MyFirstProjectPattern/Pods-MyFirstProjectPattern.debug.xcconfig"; sourceTree = "<group>"; };
		E55944B42A90F73A00F49C24 /* MyFirstProjectPattern.app */ = {isa = PBXFileReference; explicitFileType = wrapper.application; includeInIndex = 0; path = MyFirstProjectPattern.app; sourceTree = BUILT_PRODUCTS_DIR; };
		E55944B72A90F73A00F49C24 /* AppDelegate.swift */ = {isa = PBXFileReference; lastKnownFileType = sourcecode.swift; path = AppDelegate.swift; sourceTree = "<group>"; };
		E55944B92A90F73A00F49C24 /* SceneDelegate.swift */ = {isa = PBXFileReference; lastKnownFileType = sourcecode.swift; path = SceneDelegate.swift; sourceTree = "<group>"; };
		E55944BB2A90F73A00F49C24 /* ViewController.swift */ = {isa = PBXFileReference; lastKnownFileType = sourcecode.swift; path = ViewController.swift; sourceTree = "<group>"; };
		E55944BE2A90F73A00F49C24 /* Base */ = {isa = PBXFileReference; lastKnownFileType = file.storyboard; name = Base; path = Base.lproj/Main.storyboard; sourceTree = "<group>"; };
		E55944C02A90F73B00F49C24 /* Assets.xcassets */ = {isa = PBXFileReference; lastKnownFileType = folder.assetcatalog; path = Assets.xcassets; sourceTree = "<group>"; };
		E55944C32A90F73B00F49C24 /* Base */ = {isa = PBXFileReference; lastKnownFileType = file.storyboard; name = Base; path = Base.lproj/LaunchScreen.storyboard; sourceTree = "<group>"; };
		E55944C52A90F73B00F49C24 /* Info.plist */ = {isa = PBXFileReference; lastKnownFileType = text.plist.xml; path = Info.plist; sourceTree = "<group>"; };
/* End PBXFileReference section */

/* Begin PBXFrameworksBuildPhase section */
		E55944B12A90F73A00F49C24 /* Frameworks */ = {
			isa = PBXFrameworksBuildPhase;
			buildActionMask = 2147483647;
			files = (
				9A3EA65BB44835344262DF13 /* Pods_MyFirstProjectPattern.framework in Frameworks */,
			);
			runOnlyForDeploymentPostprocessing = 0;
		};
/* End PBXFrameworksBuildPhase section */

/* Begin PBXGroup section */
		4BC8D084358CD33BAB6F3493 /* Frameworks */ = {
			isa = PBXGroup;
			children = (
				0A31FD375C523BC56E29D0F7 /* Pods_MyFirstProjectPattern.framework */,
			);
			name = Frameworks;
			sourceTree = "<group>";
		};
		9D2CD884C2DF9CA592E81537 /* Pods */ = {
			isa = PBXGroup;
			children = (
				B09AA6D0346A364505F73039 /* Pods-MyFirstProjectPattern.debug.xcconfig */,
				6D0C96F0EF86DFCAF39ECFB3 /* Pods-MyFirstProjectPattern.release.xcconfig */,
			);
			name = Pods;
			path = Pods;
			sourceTree = "<group>";
		};
		E55944AB2A90F73A00F49C24 = {
			isa = PBXGroup;
			children = (
				E55944B62A90F73A00F49C24 /* MyFirstProjectPattern */,
				E55944B52A90F73A00F49C24 /* Products */,
				9D2CD884C2DF9CA592E81537 /* Pods */,
				4BC8D084358CD33BAB6F3493 /* Frameworks */,
			);
			sourceTree = "<group>";
		};
		E55944B52A90F73A00F49C24 /* Products */ = {
			isa = PBXGroup;
			children = (
				E55944B42A90F73A00F49C24 /* MyFirstProjectPattern.app */,
			);
			name = Products;
			sourceTree = "<group>";
		};
		E55944B62A90F73A00F49C24 /* MyFirstProjectPattern */ = {
			isa = PBXGroup;
			children = (
				E55944B72A90F73A00F49C24 /* AppDelegate.swift */,
				E55944B92A90F73A00F49C24 /* SceneDelegate.swift */,
				E55944BB2A90F73A00F49C24 /* ViewController.swift */,
				E55944BD2A90F73A00F49C24 /* Main.storyboard */,
				E55944C02A90F73B00F49C24 /* Assets.xcassets */,
				E55944C22A90F73B00F49C24 /* LaunchScreen.storyboard */,
				E55944C52A90F73B00F49C24 /* Info.plist */,
			);
			path = MyFirstProjectPattern;
			sourceTree = "<group>";
		};
/* End PBXGroup section */

/* Begin PBXNativeTarget section */
		E55944B32A90F73A00F49C24 /* MyFirstProjectPattern */ = {
			isa = PBXNativeTarget;
			buildConfigurationList = E55944C82A90F73B00F49C24 /* Build configuration list for PBXNativeTarget "MyFirstProjectPattern" */;
			buildPhases = (
				F7F3D61EA6F12AA8A3591901 /* [CP] Check Pods Manifest.lock */,
				E55944B02A90F73A00F49C24 /* Sources */,
				E55944B12A90F73A00F49C24 /* Frameworks */,
				E55944B22A90F73A00F49C24 /* Resources */,
				EA5E580EDE4313226028888D /* [CP] Embed Pods Frameworks */,
			);
			buildRules = (
			);
			dependencies = (
			);
			name = MyFirstProjectPattern;
			productName = MyFirstProjectPattern;
			productReference = E55944B42A90F73A00F49C24 /* MyFirstProjectPattern.app */;
			productType = "com.apple.product-type.application";
		};
/* End PBXNativeTarget section */

/* Begin PBXProject section */
		E55944AC2A90F73A00F49C24 /* Project object */ = {
			isa = PBXProject;
			attributes = {
				BuildIndependentTargetsInParallel = 1;
				LastSwiftUpdateCheck = 1340;
				LastUpgradeCheck = 1340;
				TargetAttributes = {
					E55944B32A90F73A00F49C24 = {
						CreatedOnToolsVersion = 13.4.1;
					};
				};
			};
			buildConfigurationList = E55944AF2A90F73A00F49C24 /* Build configuration list for PBXProject "MyFirstProjectPattern" */;
			compatibilityVersion = "Xcode 13.0";
			developmentRegion = en;
			hasScannedForEncodings = 0;
			knownRegions = (
				en,
				Base,
			);
			mainGroup = E55944AB2A90F73A00F49C24;
			productRefGroup = E55944B52A90F73A00F49C24 /* Products */;
			projectDirPath = "";
			projectRoot = "";
			targets = (
				E55944B32A90F73A00F49C24 /* MyFirstProjectPattern */,
			);
		};
/* End PBXProject section */

/* Begin PBXResourcesBuildPhase section */
		E55944B22A90F73A00F49C24 /* Resources */ = {
			isa = PBXResourcesBuildPhase;
			buildActionMask = 2147483647;
			files = (
				E55944C42A90F73B00F49C24 /* LaunchScreen.storyboard in Resources */,
				E55944C12A90F73B00F49C24 /* Assets.xcassets in Resources */,
				E55944BF2A90F73A00F49C24 /* Main.storyboard in Resources */,
			);
			runOnlyForDeploymentPostprocessing = 0;
		};
/* End PBXResourcesBuildPhase section */

/* Begin PBXShellScriptBuildPhase section */
		EA5E580EDE4313226028888D /* [CP] Embed Pods Frameworks */ = {
			isa = PBXShellScriptBuildPhase;
			buildActionMask = 2147483647;
			files = (
			);
			inputFileListPaths = (
				"${PODS_ROOT}/Target Support Files/Pods-MyFirstProjectPattern/Pods-MyFirstProjectPattern-frameworks-${CONFIGURATION}-input-files.xcfilelist",
			);
			name = "[CP] Embed Pods Frameworks";
			outputFileListPaths = (
				"${PODS_ROOT}/Target Support Files/Pods-MyFirstProjectPattern/Pods-MyFirstProjectPattern-frameworks-${CONFIGURATION}-output-files.xcfilelist",
			);
			runOnlyForDeploymentPostprocessing = 0;
			shellPath = /bin/sh;
			shellScript = "\"${PODS_ROOT}/Target Support Files/Pods-MyFirstProjectPattern/Pods-MyFirstProjectPattern-frameworks.sh\"\n";
			showEnvVarsInLog = 0;
		};
		F7F3D61EA6F12AA8A3591901 /* [CP] Check Pods Manifest.lock */ = {
			isa = PBXShellScriptBuildPhase;
			buildActionMask = 2147483647;
			files = (
			);
			inputFileListPaths = (
			);
			inputPaths = (
				"${PODS_PODFILE_DIR_PATH}/Podfile.lock",
				"${PODS_ROOT}/Manifest.lock",
			);
			name = "[CP] Check Pods Manifest.lock";
			outputFileListPaths = (
			);
			outputPaths = (
				"$(DERIVED_FILE_DIR)/Pods-MyFirstProjectPattern-checkManifestLockResult.txt",
			);
			runOnlyForDeploymentPostprocessing = 0;
			shellPath = /bin/sh;
			shellScript = "diff \"${PODS_PODFILE_DIR_PATH}/Podfile.lock\" \"${PODS_ROOT}/Manifest.lock\" > /dev/null\nif [ $? != 0 ] ; then\n    # print error to STDERR\n    echo \"error: The sandbox is not in sync with the Podfile.lock. Run 'pod install' or update your CocoaPods installation.\" >&2\n    exit 1\nfi\n# This output is used by Xcode 'outputs' to avoid re-running this script phase.\necho \"SUCCESS\" > \"${SCRIPT_OUTPUT_FILE_0}\"\n";
			showEnvVarsInLog = 0;
		};
/* End PBXShellScriptBuildPhase section */

/* Begin PBXSourcesBuildPhase section */
		E55944B02A90F73A00F49C24 /* Sources */ = {
			isa = PBXSourcesBuildPhase;
			buildActionMask = 2147483647;
			files = (
				E55944BC2A90F73A00F49C24 /* ViewController.swift in Sources */,
				E55944B82A90F73A00F49C24 /* AppDelegate.swift in Sources */,
				E55944BA2A90F73A00F49C24 /* SceneDelegate.swift in Sources */,
			);
			runOnlyForDeploymentPostprocessing = 0;
		};
/* End PBXSourcesBuildPhase section */

/* Begin PBXVariantGroup section */
		E55944BD2A90F73A00F49C24 /* Main.storyboard */ = {
			isa = PBXVariantGroup;
			children = (
				E55944BE2A90F73A00F49C24 /* Base */,
			);
			name = Main.storyboard;
			sourceTree = "<group>";
		};
		E55944C22A90F73B00F49C24 /* LaunchScreen.storyboard */ = {
			isa = PBXVariantGroup;
			children = (
				E55944C32A90F73B00F49C24 /* Base */,
			);
			name = LaunchScreen.storyboard;
			sourceTree = "<group>";
		};
/* End PBXVariantGroup section */

/* Begin XCBuildConfiguration section */
		E55944C62A90F73B00F49C24 /* Debug */ = {
			isa = XCBuildConfiguration;
			buildSettings = {
				ALWAYS_SEARCH_USER_PATHS = NO;
				CLANG_ANALYZER_NONNULL = YES;
				CLANG_ANALYZER_NUMBER_OBJECT_CONVERSION = YES_AGGRESSIVE;
				CLANG_CXX_LANGUAGE_STANDARD = "gnu++17";
				CLANG_ENABLE_MODULES = YES;
				CLANG_ENABLE_OBJC_ARC = YES;
				CLANG_ENABLE_OBJC_WEAK = YES;
				CLANG_WARN_BLOCK_CAPTURE_AUTORELEASING = YES;
				CLANG_WARN_BOOL_CONVERSION = YES;
				CLANG_WARN_COMMA = YES;
				CLANG_WARN_CONSTANT_CONVERSION = YES;
				CLANG_WARN_DEPRECATED_OBJC_IMPLEMENTATIONS = YES;
				CLANG_WARN_DIRECT_OBJC_ISA_USAGE = YES_ERROR;
				CLANG_WARN_DOCUMENTATION_COMMENTS = YES;
				CLANG_WARN_EMPTY_BODY = YES;
				CLANG_WARN_ENUM_CONVERSION = YES;
				CLANG_WARN_INFINITE_RECURSION = YES;
				CLANG_WARN_INT_CONVERSION = YES;
				CLANG_WARN_NON_LITERAL_NULL_CONVERSION = YES;
				CLANG_WARN_OBJC_IMPLICIT_RETAIN_SELF = YES;
				CLANG_WARN_OBJC_LITERAL_CONVERSION = YES;
				CLANG_WARN_OBJC_ROOT_CLASS = YES_ERROR;
				CLANG_WARN_QUOTED_INCLUDE_IN_FRAMEWORK_HEADER = YES;
				CLANG_WARN_RANGE_LOOP_ANALYSIS = YES;
				CLANG_WARN_STRICT_PROTOTYPES = YES;
				CLANG_WARN_SUSPICIOUS_MOVE = YES;
				CLANG_WARN_UNGUARDED_AVAILABILITY = YES_AGGRESSIVE;
				CLANG_WARN_UNREACHABLE_CODE = YES;
				CLANG_WARN__DUPLICATE_METHOD_MATCH = YES;
				COPY_PHASE_STRIP = NO;
				DEBUG_INFORMATION_FORMAT = dwarf;
				ENABLE_STRICT_OBJC_MSGSEND = YES;
				ENABLE_TESTABILITY = YES;
				GCC_C_LANGUAGE_STANDARD = gnu11;
				GCC_DYNAMIC_NO_PIC = NO;
				GCC_NO_COMMON_BLOCKS = YES;
				GCC_OPTIMIZATION_LEVEL = 0;
				GCC_PREPROCESSOR_DEFINITIONS = (
					"DEBUG=1",
					"$(inherited)",
				);
				GCC_WARN_64_TO_32_BIT_CONVERSION = YES;
				GCC_WARN_ABOUT_RETURN_TYPE = YES_ERROR;
				GCC_WARN_UNDECLARED_SELECTOR = YES;
				GCC_WARN_UNINITIALIZED_AUTOS = YES_AGGRESSIVE;
				GCC_WARN_UNUSED_FUNCTION = YES;
				GCC_WARN_UNUSED_VARIABLE = YES;
				IPHONEOS_DEPLOYMENT_TARGET = 15.5;
				MTL_ENABLE_DEBUG_INFO = INCLUDE_SOURCE;
				MTL_FAST_MATH = YES;
				ONLY_ACTIVE_ARCH = YES;
				SDKROOT = iphoneos;
				SWIFT_ACTIVE_COMPILATION_CONDITIONS = DEBUG;
				SWIFT_OPTIMIZATION_LEVEL = "-Onone";
			};
			name = Debug;
		};
		E55944C72A90F73B00F49C24 /* Release */ = {
			isa = XCBuildConfiguration;
			buildSettings = {
				ALWAYS_SEARCH_USER_PATHS = NO;
				CLANG_ANALYZER_NONNULL = YES;
				CLANG_ANALYZER_NUMBER_OBJECT_CONVERSION = YES_AGGRESSIVE;
				CLANG_CXX_LANGUAGE_STANDARD = "gnu++17";
				CLANG_ENABLE_MODULES = YES;
				CLANG_ENABLE_OBJC_ARC = YES;
				CLANG_ENABLE_OBJC_WEAK = YES;
				CLANG_WARN_BLOCK_CAPTURE_AUTORELEASING = YES;
				CLANG_WARN_BOOL_CONVERSION = YES;
				CLANG_WARN_COMMA = YES;
				CLANG_WARN_CONSTANT_CONVERSION = YES;
				CLANG_WARN_DEPRECATED_OBJC_IMPLEMENTATIONS = YES;
				CLANG_WARN_DIRECT_OBJC_ISA_USAGE = YES_ERROR;
				CLANG_WARN_DOCUMENTATION_COMMENTS = YES;
				CLANG_WARN_EMPTY_BODY = YES;
				CLANG_WARN_ENUM_CONVERSION = YES;
				CLANG_WARN_INFINITE_RECURSION = YES;
				CLANG_WARN_INT_CONVERSION = YES;
				CLANG_WARN_NON_LITERAL_NULL_CONVERSION = YES;
				CLANG_WARN_OBJC_IMPLICIT_RETAIN_SELF = YES;
				CLANG_WARN_OBJC_LITERAL_CONVERSION = YES;
				CLANG_WARN_OBJC_ROOT_CLASS = YES_ERROR;
				CLANG_WARN_QUOTED_INCLUDE_IN_FRAMEWORK_HEADER = YES;
				CLANG_WARN_RANGE_LOOP_ANALYSIS = YES;
				CLANG_WARN_STRICT_PROTOTYPES = YES;
				CLANG_WARN_SUSPICIOUS_MOVE = YES;
				CLANG_WARN_UNGUARDED_AVAILABILITY = YES_AGGRESSIVE;
				CLANG_WARN_UNREACHABLE_CODE = YES;
				CLANG_WARN__DUPLICATE_METHOD_MATCH = YES;
				COPY_PHASE_STRIP = NO;
				DEBUG_INFORMATION_FORMAT = "dwarf-with-dsym";
				ENABLE_NS_ASSERTIONS = NO;
				ENABLE_STRICT_OBJC_MSGSEND = YES;
				GCC_C_LANGUAGE_STANDARD = gnu11;
				GCC_NO_COMMON_BLOCKS = YES;
				GCC_WARN_64_TO_32_BIT_CONVERSION = YES;
				GCC_WARN_ABOUT_RETURN_TYPE = YES_ERROR;
				GCC_WARN_UNDECLARED_SELECTOR = YES;
				GCC_WARN_UNINITIALIZED_AUTOS = YES_AGGRESSIVE;
				GCC_WARN_UNUSED_FUNCTION = YES;
				GCC_WARN_UNUSED_VARIABLE = YES;
				IPHONEOS_DEPLOYMENT_TARGET = 15.5;
				MTL_ENABLE_DEBUG_INFO = NO;
				MTL_FAST_MATH = YES;
				SDKROOT = iphoneos;
				SWIFT_COMPILATION_MODE = wholemodule;
				SWIFT_OPTIMIZATION_LEVEL = "-O";
				VALIDATE_PRODUCT = YES;
			};
			name = Release;
		};
		E55944C92A90F73B00F49C24 /* Debug */ = {
			isa = XCBuildConfiguration;
			baseConfigurationReference = B09AA6D0346A364505F73039 /* Pods-MyFirstProjectPattern.debug.xcconfig */;
			buildSettings = {
				ASSETCATALOG_COMPILER_APPICON_NAME = AppIcon;
				ASSETCATALOG_COMPILER_GLOBAL_ACCENT_COLOR_NAME = AccentColor;
				CODE_SIGN_STYLE = Automatic;
				CURRENT_PROJECT_VERSION = 1;
				DEVELOPMENT_TEAM = 2QHQ5U2U5R;
				GENERATE_INFOPLIST_FILE = YES;
				INFOPLIST_FILE = MyFirstProjectPattern/Info.plist;
				INFOPLIST_KEY_UIApplicationSupportsIndirectInputEvents = YES;
				INFOPLIST_KEY_UILaunchStoryboardName = LaunchScreen;
				INFOPLIST_KEY_UIMainStoryboardFile = Main;
				INFOPLIST_KEY_UISupportedInterfaceOrientations_iPad = "UIInterfaceOrientationPortrait UIInterfaceOrientationPortraitUpsideDown UIInterfaceOrientationLandscapeLeft UIInterfaceOrientationLandscapeRight";
				INFOPLIST_KEY_UISupportedInterfaceOrientations_iPhone = "UIInterfaceOrientationPortrait UIInterfaceOrientationLandscapeLeft UIInterfaceOrientationLandscapeRight";
				LD_RUNPATH_SEARCH_PATHS = (
					"$(inherited)",
					"@executable_path/Frameworks",
				);
				MARKETING_VERSION = 1.0;
				PRODUCT_BUNDLE_IDENTIFIER = "Ivan-Pereverza.SwiftBook.MyFirstProjectPattern";
				PRODUCT_NAME = "$(TARGET_NAME)";
				SWIFT_EMIT_LOC_STRINGS = YES;
				SWIFT_VERSION = 5.0;
				TARGETED_DEVICE_FAMILY = "1,2";
			};
			name = Debug;
		};
		E55944CA2A90F73B00F49C24 /* Release */ = {
			isa = XCBuildConfiguration;
			baseConfigurationReference = 6D0C96F0EF86DFCAF39ECFB3 /* Pods-MyFirstProjectPattern.release.xcconfig */;
			buildSettings = {
				ASSETCATALOG_COMPILER_APPICON_NAME = AppIcon;
				ASSETCATALOG_COMPILER_GLOBAL_ACCENT_COLOR_NAME = AccentColor;
				CODE_SIGN_STYLE = Automatic;
				CURRENT_PROJECT_VERSION = 1;
				DEVELOPMENT_TEAM = 2QHQ5U2U5R;
				GENERATE_INFOPLIST_FILE = YES;
				INFOPLIST_FILE = MyFirstProjectPattern/Info.plist;
				INFOPLIST_KEY_UIApplicationSupportsIndirectInputEvents = YES;
				INFOPLIST_KEY_UILaunchStoryboardName = LaunchScreen;
				INFOPLIST_KEY_UIMainStoryboardFile = Main;
				INFOPLIST_KEY_UISupportedInterfaceOrientations_iPad = "UIInterfaceOrientationPortrait UIInterfaceOrientationPortraitUpsideDown UIInterfaceOrientationLandscapeLeft UIInterfaceOrientationLandscapeRight";
				INFOPLIST_KEY_UISupportedInterfaceOrientations_iPhone = "UIInterfaceOrientationPortrait UIInterfaceOrientationLandscapeLeft UIInterfaceOrientationLandscapeRight";
				LD_RUNPATH_SEARCH_PATHS = (
					"$(inherited)",
					"@executable_path/Frameworks",
				);
				MARKETING_VERSION = 1.0;
				PRODUCT_BUNDLE_IDENTIFIER = "Ivan-Pereverza.SwiftBook.MyFirstProjectPattern";
				PRODUCT_NAME = "$(TARGET_NAME)";
				SWIFT_EMIT_LOC_STRINGS = YES;
				SWIFT_VERSION = 5.0;
				TARGETED_DEVICE_FAMILY = "1,2";
			};
			name = Release;
		};
/* End XCBuildConfiguration section */

/* Begin XCConfigurationList section */
		E55944AF2A90F73A00F49C24 /* Build configuration list for PBXProject "MyFirstProjectPattern" */ = {
			isa = XCConfigurationList;
			buildConfigurations = (
				E55944C62A90F73B00F49C24 /* Debug */,
				E55944C72A90F73B00F49C24 /* Release */,
			);
			defaultConfigurationIsVisible = 0;
			defaultConfigurationName = Release;
		};
		E55944C82A90F73B00F49C24 /* Build configuration list for PBXNativeTarget "MyFirstProjectPattern" */ = {
			isa = XCConfigurationList;
			buildConfigurations = (
				E55944C92A90F73B00F49C24 /* Debug */,
				E55944CA2A90F73B00F49C24 /* Release */,
			);
			defaultConfigurationIsVisible = 0;
			defaultConfigurationName = Release;
		};
/* End XCConfigurationList section */
	};
	rootObject = E55944AC2A90F73A00F49C24 /* Project object */;
}
